
Microsoft Visual Studio Solution File, Format Version 12.00
# Visual Studio Version 17
VisualStudioVersion = 17.11.35219.272
MinimumVisualStudioVersion = 10.0.40219.1
Project("{FAE04EC0-301F-11D3-BF4B-00C04F79EFBC}") = "BaiTap05", "BaiTap05\BaiTap05.csproj", "{36956FFA-1591-44AE-B4C2-BBC0A80DA8FD}"
EndProject
Global
	GlobalSection(SolutionConfigurationPlatforms) = preSolution
		Debug|Any CPU = Debug|Any CPU
		Release|Any CPU = Release|Any CPU
	EndGlobalSection
	GlobalSection(ProjectConfigurationPlatforms) = postSolution
		{36956FFA-1591-44AE-B4C2-BBC0A80DA8FD}.Debug|Any CPU.ActiveCfg = Debug|Any CPU
		{36956FFA-1591-44AE-B4C2-BBC0A80DA8FD}.Debug|Any CPU.Build.0 = Debug|Any CPU
		{36956FFA-1591-44AE-B4C2-BBC0A80DA8FD}.Release|Any CPU.ActiveCfg = Release|Any CPU
		{36956FFA-1591-44AE-B4C2-BBC0A80DA8FD}.Release|Any CPU.Build.0 = Release|Any CPU
	EndGlobalSection
	GlobalSection(SolutionProperties) = preSolution
		HideSolutionNode = FALSE
	EndGlobalSection
	GlobalSection(ExtensibilityGlobals) = postSolution
		SolutionGuid = {33D0BADB-37A8-4C41-A56C-92233EBE69E4}
	EndGlobalSection
EndGlobal
